
Microsoft Visual Studio Solution File, Format Version 12.00
# Visual Studio Version 16
VisualStudioVersion = 16.0.31005.135
MinimumVisualStudioVersion = 10.0.40219.1
Project("{FAE04EC0-301F-11D3-BF4B-00C04F79EFBC}") = "Otszaz", "Otszaz\Otszaz.csproj", "{5AC6575E-7FEC-4B94-8A7E-3D04758F6B92}"
EndProject
Global
	GlobalSection(SolutionConfigurationPlatforms) = preSolution
		Debug|Any CPU = Debug|Any CPU
		Release|Any CPU = Release|Any CPU
	EndGlobalSection
	GlobalSection(ProjectConfigurationPlatforms) = postSolution
		{5AC6575E-7FEC-4B94-8A7E-3D04758F6B92}.Debug|Any CPU.ActiveCfg = Debug|Any CPU
		{5AC6575E-7FEC-4B94-8A7E-3D04758F6B92}.Debug|Any CPU.Build.0 = Debug|Any CPU
		{5AC6575E-7FEC-4B94-8A7E-3D04758F6B92}.Release|Any CPU.ActiveCfg = Release|Any CPU
		{5AC6575E-7FEC-4B94-8A7E-3D04758F6B92}.Release|Any CPU.Build.0 = Release|Any CPU
	EndGlobalSection
	GlobalSection(SolutionProperties) = preSolution
		HideSolutionNode = FALSE
	EndGlobalSection
	GlobalSection(ExtensibilityGlobals) = postSolution
		SolutionGuid = {DE719F16-0C7B-4DFB-A0D3-B12FD5E5CA5A}
	EndGlobalSection
EndGlobal
